
Microsoft Visual Studio Solution File, Format Version 12.00
# Visual Studio 15
VisualStudioVersion = 15.0.27703.2000
MinimumVisualStudioVersion = 10.0.40219.1
Project("{9A19103F-16F7-4668-BE54-9A1E7A4F7556}") = "Chips", "Chips\Chips.csproj", "{EEC454B2-8295-4A9B-8A3E-A7CCEB591E74}"
EndProject
Project("{FAE04EC0-301F-11D3-BF4B-00C04F79EFBC}") = "Chips.DependencyInjection", "Chips.DependencyInjection\Chips.DependencyInjection.csproj", "{F0B2E57B-3F93-419F-9D66-B26A3751F8CC}"
EndProject
Project("{2150E333-8FDC-42A3-9474-1A3956D46DE8}") = "DependencyInjection", "DependencyInjection", "{6F06BE1D-A504-4245-9945-55133EE6A1B5}"
EndProject
Project("{2150E333-8FDC-42A3-9474-1A3956D46DE8}") = "Tests", "Tests", "{91AA277A-B49D-49DE-B604-19ADE647A8AE}"
EndProject
Project("{FAE04EC0-301F-11D3-BF4B-00C04F79EFBC}") = "Chips.DependencyInjection.SimpleInjector", "Chips.DependencyInjection.SimpleInjector\Chips.DependencyInjection.SimpleInjector.csproj", "{359DB7DA-E1A9-47CA-B41B-D5C152C205AD}"
EndProject
Project("{2150E333-8FDC-42A3-9474-1A3956D46DE8}") = "Sitecore", "Sitecore", "{1D61F505-062C-41C5-B7F6-6BE7CCDF4D42}"
EndProject
Project("{FAE04EC0-301F-11D3-BF4B-00C04F79EFBC}") = "Chips.Sitecore.ApplicationContainer", "Chips.Sitecore.ApplicationContainer\Chips.Sitecore.ApplicationContainer.csproj", "{AEA94422-EB92-4400-B551-FAD39B743C9B}"
EndProject
Project("{FAE04EC0-301F-11D3-BF4B-00C04F79EFBC}") = "Chips.Sitecore.ApplicationContainer.SimpleInjector", "Chips.Sitecore.ApplicationContainer.SimpleInjector\Chips.Sitecore.ApplicationContainer.SimpleInjector.csproj", "{E81287A8-4A24-452F-BDDA-B2A0BE9999A5}"
EndProject
Global
	GlobalSection(SolutionConfigurationPlatforms) = preSolution
		Debug|Any CPU = Debug|Any CPU
		Release|Any CPU = Release|Any CPU
	EndGlobalSection
	GlobalSection(ProjectConfigurationPlatforms) = postSolution
		{EEC454B2-8295-4A9B-8A3E-A7CCEB591E74}.Debug|Any CPU.ActiveCfg = Debug|Any CPU
		{EEC454B2-8295-4A9B-8A3E-A7CCEB591E74}.Debug|Any CPU.Build.0 = Debug|Any CPU
		{EEC454B2-8295-4A9B-8A3E-A7CCEB591E74}.Release|Any CPU.ActiveCfg = Release|Any CPU
		{EEC454B2-8295-4A9B-8A3E-A7CCEB591E74}.Release|Any CPU.Build.0 = Release|Any CPU
		{F0B2E57B-3F93-419F-9D66-B26A3751F8CC}.Debug|Any CPU.ActiveCfg = Debug|Any CPU
		{F0B2E57B-3F93-419F-9D66-B26A3751F8CC}.Debug|Any CPU.Build.0 = Debug|Any CPU
		{F0B2E57B-3F93-419F-9D66-B26A3751F8CC}.Release|Any CPU.ActiveCfg = Release|Any CPU
		{F0B2E57B-3F93-419F-9D66-B26A3751F8CC}.Release|Any CPU.Build.0 = Release|Any CPU
		{359DB7DA-E1A9-47CA-B41B-D5C152C205AD}.Debug|Any CPU.ActiveCfg = Debug|Any CPU
		{359DB7DA-E1A9-47CA-B41B-D5C152C205AD}.Debug|Any CPU.Build.0 = Debug|Any CPU
		{359DB7DA-E1A9-47CA-B41B-D5C152C205AD}.Release|Any CPU.ActiveCfg = Release|Any CPU
		{359DB7DA-E1A9-47CA-B41B-D5C152C205AD}.Release|Any CPU.Build.0 = Release|Any CPU
		{AEA94422-EB92-4400-B551-FAD39B743C9B}.Debug|Any CPU.ActiveCfg = Debug|Any CPU
		{AEA94422-EB92-4400-B551-FAD39B743C9B}.Debug|Any CPU.Build.0 = Debug|Any CPU
		{AEA94422-EB92-4400-B551-FAD39B743C9B}.Release|Any CPU.ActiveCfg = Release|Any CPU
		{AEA94422-EB92-4400-B551-FAD39B743C9B}.Release|Any CPU.Build.0 = Release|Any CPU
		{E81287A8-4A24-452F-BDDA-B2A0BE9999A5}.Debug|Any CPU.ActiveCfg = Debug|Any CPU
		{E81287A8-4A24-452F-BDDA-B2A0BE9999A5}.Debug|Any CPU.Build.0 = Debug|Any CPU
		{E81287A8-4A24-452F-BDDA-B2A0BE9999A5}.Release|Any CPU.ActiveCfg = Release|Any CPU
		{E81287A8-4A24-452F-BDDA-B2A0BE9999A5}.Release|Any CPU.Build.0 = Release|Any CPU
	EndGlobalSection
	GlobalSection(SolutionProperties) = preSolution
		HideSolutionNode = FALSE
	EndGlobalSection
	GlobalSection(NestedProjects) = preSolution
		{F0B2E57B-3F93-419F-9D66-B26A3751F8CC} = {6F06BE1D-A504-4245-9945-55133EE6A1B5}
		{91AA277A-B49D-49DE-B604-19ADE647A8AE} = {6F06BE1D-A504-4245-9945-55133EE6A1B5}
		{359DB7DA-E1A9-47CA-B41B-D5C152C205AD} = {6F06BE1D-A504-4245-9945-55133EE6A1B5}
		{AEA94422-EB92-4400-B551-FAD39B743C9B} = {1D61F505-062C-41C5-B7F6-6BE7CCDF4D42}
		{E81287A8-4A24-452F-BDDA-B2A0BE9999A5} = {1D61F505-062C-41C5-B7F6-6BE7CCDF4D42}
	EndGlobalSection
	GlobalSection(ExtensibilityGlobals) = postSolution
		SolutionGuid = {76917B93-1E72-407C-98A2-E8C45E4EF39C}
	EndGlobalSection
EndGlobal
