
Microsoft Visual Studio Solution File, Format Version 12.00
# Visual Studio 15
VisualStudioVersion = 15.0.27703.2000
MinimumVisualStudioVersion = 10.0.40219.1
Project("{9A19103F-16F7-4668-BE54-9A1E7A4F7556}") = "Chips.DependencyInjection", "DependencyInjection\Chips.DependencyInjection\Chips.DependencyInjection.csproj", "{F0B2E57B-3F93-419F-9D66-B26A3751F8CC}"
EndProject
Project("{2150E333-8FDC-42A3-9474-1A3956D46DE8}") = "DependencyInjection", "DependencyInjection", "{6F06BE1D-A504-4245-9945-55133EE6A1B5}"
EndProject
Project("{9A19103F-16F7-4668-BE54-9A1E7A4F7556}") = "Chips.DependencyInjection.SimpleInjector", "DependencyInjection\Chips.DependencyInjection.SimpleInjector\Chips.DependencyInjection.SimpleInjector.csproj", "{359DB7DA-E1A9-47CA-B41B-D5C152C205AD}"
EndProject
Project("{2150E333-8FDC-42A3-9474-1A3956D46DE8}") = "Sitecore", "Sitecore", "{1D61F505-062C-41C5-B7F6-6BE7CCDF4D42}"
EndProject
Project("{FAE04EC0-301F-11D3-BF4B-00C04F79EFBC}") = "Chips.DependencyInjection.SimpleInjector.MVC", "DependencyInjection\Chips.DependencyInjection.SimpleInjector.MVC\Chips.DependencyInjection.SimpleInjector.MVC.csproj", "{90253AC9-84F5-4278-A5E6-496B9F58C1FC}"
EndProject
Project("{2150E333-8FDC-42A3-9474-1A3956D46DE8}") = "ApplicationContainer", "ApplicationContainer", "{D425C194-7CFA-4B13-AD8D-E2EFCCB4FD2B}"
EndProject
Project("{2150E333-8FDC-42A3-9474-1A3956D46DE8}") = "Commands", "Commands", "{97989B02-4A6D-43AF-9545-F21628190B52}"
EndProject
Project("{2150E333-8FDC-42A3-9474-1A3956D46DE8}") = "Reflection", "Reflection", "{54BF8E43-C604-46FC-8642-CEDB6A5D0794}"
EndProject
Project("{FAE04EC0-301F-11D3-BF4B-00C04F79EFBC}") = "Chips.Reflection", "Chips.Reflection\Chips.Reflection.csproj", "{C08BFFD6-FF8E-4C7D-8D9B-2C14269826D6}"
EndProject
Project("{FAE04EC0-301F-11D3-BF4B-00C04F79EFBC}") = "Chips.Reflection.Tests", "Chips.Reflection.Tests\Chips.Reflection.Tests.csproj", "{9EF17942-6204-4A80-B0E2-0BE279838CA6}"
EndProject
Project("{2150E333-8FDC-42A3-9474-1A3956D46DE8}") = "Common", "Common", "{762CF7CA-ED27-4487-B5D9-05D400012E23}"
EndProject
Project("{FAE04EC0-301F-11D3-BF4B-00C04F79EFBC}") = "Chips.Tests.Common", "Chips.Tests.Common\Chips.Tests.Common.csproj", "{642CF615-0DA6-472E-AE2C-48E699E3DCE7}"
EndProject
Project("{FAE04EC0-301F-11D3-BF4B-00C04F79EFBC}") = "Chips.Sitecore.ApplicationContainer.Tests", "Sitecore\ApplicationContainer\Chips.Sitecore.ApplicationContainer.Tests\Chips.Sitecore.ApplicationContainer.Tests.csproj", "{28561366-E62A-4A9A-897E-8D85E7A89C6B}"
EndProject
Project("{2150E333-8FDC-42A3-9474-1A3956D46DE8}") = "NuGetPackages", "NuGetPackages", "{41666BBF-BC0E-4291-89D8-56CDB28F5BFC}"
EndProject
Project("{5DD5E4FA-CB73-4610-85AB-557B54E96AA9}") = "Chips.Sitecore.Commands.SimpleInjector.NuGetPackage", "NuGetPackage\Chips.Sitecore.Commands.SimpleInjector.NuGetPackage\Chips.Sitecore.Commands.SimpleInjector.NuGetPackage.nuproj", "{5E23B9AA-EE4C-4BFB-BF57-E03B48E1AF16}"
EndProject
Project("{2150E333-8FDC-42A3-9474-1A3956D46DE8}") = "Simpleinjector", "Simpleinjector", "{2C9D132A-5C03-423A-A97A-637661096CE0}"
EndProject
Project("{2150E333-8FDC-42A3-9474-1A3956D46DE8}") = "DryIoc", "DryIoc", "{C5F4EBCD-9361-4180-B5AF-EF6480DC507D}"
EndProject
Project("{9A19103F-16F7-4668-BE54-9A1E7A4F7556}") = "Chips.DependencyInjection.DryIoc", "DependencyInjection\Chips.DependencyInjection.DryIoc\Chips.DependencyInjection.DryIoc.csproj", "{823592B1-F422-4974-A1DB-23F12A7C7288}"
EndProject
Project("{2150E333-8FDC-42A3-9474-1A3956D46DE8}") = "SimpleInjector", "SimpleInjector", "{EACC34C5-A221-4327-8E82-EE91DD0A553E}"
EndProject
Project("{2150E333-8FDC-42A3-9474-1A3956D46DE8}") = "DryIoc", "DryIoc", "{3CFA9911-14CE-4706-B268-09E1FBA3130D}"
EndProject
Project("{5DD5E4FA-CB73-4610-85AB-557B54E96AA9}") = "Chips.Sitecore.ApplicationContainer.DryIoc.NuGetPackage", "NuGetPackage\Chips.Sitecore.ApplicationContainer.DryIoc.NuGetPackage\Chips.Sitecore.ApplicationContainer.DryIoc.NuGetPackage.nuproj", "{1255643B-835E-49C3-AB95-38E3E29E4F7C}"
EndProject
Project("{5DD5E4FA-CB73-4610-85AB-557B54E96AA9}") = "Chips.Sitecore.Commands.DryIoc.NuGetPackage", "NuGetPackage\Chips.Sitecore.Commands.DryIoc.NuGetPackage\Chips.Sitecore.Commands.DryIoc.NuGetPackage.nuproj", "{2DB06FB4-8A6E-4A89-B6E9-0C7AD5A4190B}"
EndProject
Project("{5DD5E4FA-CB73-4610-85AB-557B54E96AA9}") = "Chips.Sitecore.ApplicationContainer.SimpleInjector.NuGetPackage", "NuGetPackage\Chips.Sitecore.ApplicationContainer.SimpleInjector.NuGetPackage\Chips.Sitecore.ApplicationContainer.SimpleInjector.NuGetPackage.nuproj", "{37072013-D8EB-4BFA-A911-4FB156334955}"
EndProject
Project("{2150E333-8FDC-42A3-9474-1A3956D46DE8}") = "Factory", "Factory", "{4A5AC377-8F70-4A59-8BE5-DDE3DEFF4007}"
EndProject
Project("{5DD5E4FA-CB73-4610-85AB-557B54E96AA9}") = "Chips.Sitecore.Factory.DryIoc.NuGetPackage", "NuGetPackage\Chips.Sitecore.Factory.DryIoc\Chips.Sitecore.Factory.DryIoc.NuGetPackage.nuproj", "{7D4ED5F3-6DE5-4A5A-B292-22352C20D806}"
EndProject
Project("{5DD5E4FA-CB73-4610-85AB-557B54E96AA9}") = "Chips.Sitecore.Factory.Simpleinjector.NuGetPackage", "NuGetPackage\Chips.Sitecore.Factory.Simpleinjector\Chips.Sitecore.Factory.Simpleinjector.NuGetPackage.nuproj", "{5966E1CF-4AD3-4C70-87AC-56890DAC1DDE}"
EndProject
Project("{9A19103F-16F7-4668-BE54-9A1E7A4F7556}") = "Chips.DependencyInjection.Tests", "DependencyInjection\Chips.DependencyInjection.Tests\Chips.DependencyInjection.Tests.csproj", "{B91A1BD9-8357-49AF-B0FC-878DAA0F87FA}"
EndProject
Project("{FAE04EC0-301F-11D3-BF4B-00C04F79EFBC}") = "MultipleApplication", "Sitecore\ApplicationContainer\MultipleApplication\MultipleApplication.csproj", "{2BCF83D6-D405-4F84-BBD5-D9E763C4E8BE}"
EndProject
Project("{9A19103F-16F7-4668-BE54-9A1E7A4F7556}") = "Chips.Common.Extensions", "Chips.Common.Extensions\Chips.Common.Extensions.csproj", "{5AECAD26-C1D7-4D28-BA8D-4E1FE36C8910}"
EndProject
Project("{2150E333-8FDC-42A3-9474-1A3956D46DE8}") = "Fields", "Fields", "{087FB25B-D0E9-4A54-AFA9-31149A23C7F4}"
EndProject
Project("{2150E333-8FDC-42A3-9474-1A3956D46DE8}") = "UnboundDroplist", "UnboundDroplist", "{526D6318-E54D-463E-B699-88113F9E9BD1}"
EndProject
Project("{FAE04EC0-301F-11D3-BF4B-00C04F79EFBC}") = "Chips.Sitecore.Fields.UnboundDroplist.Serialization", "Sitecore\Fields\UnboundDroplist\Chips.Sitecore.Fields.UnboundDroplist.Serialization\Chips.Sitecore.Fields.UnboundDroplist.Serialization.csproj", "{26B6DC1B-1A92-4617-A63B-4871383E114A}"
EndProject
Project("{FAE04EC0-301F-11D3-BF4B-00C04F79EFBC}") = "Chips.Sitecore.Commands.Serialization", "Sitecore\Commands\Chips.Sitecore.Commands.Serialization\Chips.Sitecore.Commands.Serialization.csproj", "{C2D9E6E9-333A-41B6-B56D-FD73AAF40C2A}"
EndProject
Project("{FAE04EC0-301F-11D3-BF4B-00C04F79EFBC}") = "Chips.Sitecore.Fields.UnboundDroplist", "Sitecore\Fields\UnboundDroplist\Chips.Sitecore.Fields.UnboundDroplist\Chips.Sitecore.Fields.UnboundDroplist.csproj", "{57053BD5-EB5D-4A20-894F-E9756DF013F8}"
EndProject
Project("{FAE04EC0-301F-11D3-BF4B-00C04F79EFBC}") = "Chips.Sitecore.Factory", "Sitecore\Factory\Chips.Sitecore.Factory\Chips.Sitecore.Factory.csproj", "{F5CC3461-3B97-427A-9E4F-1FA27E1A65A7}"
EndProject
Project("{FAE04EC0-301F-11D3-BF4B-00C04F79EFBC}") = "Chips.Sitecore.Factory.Simpleinjector", "Sitecore\Factory\Chips.Sitecore.Factory.Simpleinjector\Chips.Sitecore.Factory.Simpleinjector.csproj", "{A163709A-395E-4472-8CEF-D8F42B1DE1E3}"
EndProject
Project("{FAE04EC0-301F-11D3-BF4B-00C04F79EFBC}") = "Chips.Sitecore.ApplicationContainer", "Sitecore\ApplicationContainer\Chips.Sitecore.ApplicationContainer\Chips.Sitecore.ApplicationContainer.csproj", "{93DE594B-EA19-40A8-B0C1-2E349ABE740A}"
EndProject
Project("{FAE04EC0-301F-11D3-BF4B-00C04F79EFBC}") = "Chips.Sitecore.ApplicationContainer.SimpleInjector", "Sitecore\ApplicationContainer\Chips.Sitecore.ApplicationContainer.SimpleInjector\Chips.Sitecore.ApplicationContainer.SimpleInjector.csproj", "{0F2AD254-A75F-4230-AF3C-10136192C913}"
EndProject
Project("{FAE04EC0-301F-11D3-BF4B-00C04F79EFBC}") = "Chips.Sitecore.Commands", "Sitecore\Commands\Chips.Sitecore.Commands\Chips.Sitecore.Commands.csproj", "{1A61CE76-6EF7-41CB-984E-6EEBC4ECBBA3}"
EndProject
Project("{FAE04EC0-301F-11D3-BF4B-00C04F79EFBC}") = "Chips.Sitecore.Commands.SimpleInjector", "Sitecore\Commands\Chips.Sitecore.Commands.SimpleInjector\Chips.Sitecore.Commands.SimpleInjector.csproj", "{03714C54-DA0C-4FCD-B466-E2890A8F6E67}"
EndProject
Project("{FAE04EC0-301F-11D3-BF4B-00C04F79EFBC}") = "Chips.Sitecore.Fields", "Sitecore\Fields\Chips.Sitecore.Fields\Chips.Sitecore.Fields.csproj", "{A8F9D5EC-FAEB-4CA5-BFCE-2411EBE2F9C1}"
EndProject
Project("{2150E333-8FDC-42A3-9474-1A3956D46DE8}") = "SimpleInjector", "SimpleInjector", "{252B636F-97DB-4089-A507-E7F6600831DB}"
EndProject
Project("{FAE04EC0-301F-11D3-BF4B-00C04F79EFBC}") = "Chips.Sitecore.Fields.SimpleInjector", "Sitecore\Fields\Chips.Sitecore.Fields.SimpleInjector\Chips.Sitecore.Fields.SimpleInjector.csproj", "{100CB147-9E1B-4548-B5B5-A09DAB22601A}"
EndProject
Project("{FAE04EC0-301F-11D3-BF4B-00C04F79EFBC}") = "Chips.Sitecore.Fields.Tests", "Sitecore\Fields\Chips.Sitecore.Fields.Tests\Chips.Sitecore.Fields.Tests\Chips.Sitecore.Fields.Tests.csproj", "{B87DEA22-52A1-43C5-8FE1-518E4CF7D3F0}"
EndProject
Global
	GlobalSection(SolutionConfigurationPlatforms) = preSolution
		Debug|Any CPU = Debug|Any CPU
		Release|Any CPU = Release|Any CPU
	EndGlobalSection
	GlobalSection(ProjectConfigurationPlatforms) = postSolution
		{F0B2E57B-3F93-419F-9D66-B26A3751F8CC}.Debug|Any CPU.ActiveCfg = Debug|Any CPU
		{F0B2E57B-3F93-419F-9D66-B26A3751F8CC}.Debug|Any CPU.Build.0 = Debug|Any CPU
		{F0B2E57B-3F93-419F-9D66-B26A3751F8CC}.Release|Any CPU.ActiveCfg = Release|Any CPU
		{F0B2E57B-3F93-419F-9D66-B26A3751F8CC}.Release|Any CPU.Build.0 = Release|Any CPU
		{359DB7DA-E1A9-47CA-B41B-D5C152C205AD}.Debug|Any CPU.ActiveCfg = Debug|Any CPU
		{359DB7DA-E1A9-47CA-B41B-D5C152C205AD}.Debug|Any CPU.Build.0 = Debug|Any CPU
		{359DB7DA-E1A9-47CA-B41B-D5C152C205AD}.Release|Any CPU.ActiveCfg = Release|Any CPU
		{359DB7DA-E1A9-47CA-B41B-D5C152C205AD}.Release|Any CPU.Build.0 = Release|Any CPU
		{90253AC9-84F5-4278-A5E6-496B9F58C1FC}.Debug|Any CPU.ActiveCfg = Debug|Any CPU
		{90253AC9-84F5-4278-A5E6-496B9F58C1FC}.Debug|Any CPU.Build.0 = Debug|Any CPU
		{90253AC9-84F5-4278-A5E6-496B9F58C1FC}.Release|Any CPU.ActiveCfg = Release|Any CPU
		{90253AC9-84F5-4278-A5E6-496B9F58C1FC}.Release|Any CPU.Build.0 = Release|Any CPU
		{C08BFFD6-FF8E-4C7D-8D9B-2C14269826D6}.Debug|Any CPU.ActiveCfg = Debug|Any CPU
		{C08BFFD6-FF8E-4C7D-8D9B-2C14269826D6}.Debug|Any CPU.Build.0 = Debug|Any CPU
		{C08BFFD6-FF8E-4C7D-8D9B-2C14269826D6}.Release|Any CPU.ActiveCfg = Release|Any CPU
		{C08BFFD6-FF8E-4C7D-8D9B-2C14269826D6}.Release|Any CPU.Build.0 = Release|Any CPU
		{9EF17942-6204-4A80-B0E2-0BE279838CA6}.Debug|Any CPU.ActiveCfg = Debug|Any CPU
		{9EF17942-6204-4A80-B0E2-0BE279838CA6}.Debug|Any CPU.Build.0 = Debug|Any CPU
		{9EF17942-6204-4A80-B0E2-0BE279838CA6}.Release|Any CPU.ActiveCfg = Release|Any CPU
		{9EF17942-6204-4A80-B0E2-0BE279838CA6}.Release|Any CPU.Build.0 = Release|Any CPU
		{642CF615-0DA6-472E-AE2C-48E699E3DCE7}.Debug|Any CPU.ActiveCfg = Debug|Any CPU
		{642CF615-0DA6-472E-AE2C-48E699E3DCE7}.Debug|Any CPU.Build.0 = Debug|Any CPU
		{642CF615-0DA6-472E-AE2C-48E699E3DCE7}.Release|Any CPU.ActiveCfg = Release|Any CPU
		{642CF615-0DA6-472E-AE2C-48E699E3DCE7}.Release|Any CPU.Build.0 = Release|Any CPU
		{28561366-E62A-4A9A-897E-8D85E7A89C6B}.Debug|Any CPU.ActiveCfg = Debug|Any CPU
		{28561366-E62A-4A9A-897E-8D85E7A89C6B}.Debug|Any CPU.Build.0 = Debug|Any CPU
		{28561366-E62A-4A9A-897E-8D85E7A89C6B}.Release|Any CPU.ActiveCfg = Release|Any CPU
		{28561366-E62A-4A9A-897E-8D85E7A89C6B}.Release|Any CPU.Build.0 = Release|Any CPU
		{5E23B9AA-EE4C-4BFB-BF57-E03B48E1AF16}.Debug|Any CPU.ActiveCfg = Debug|Any CPU
		{5E23B9AA-EE4C-4BFB-BF57-E03B48E1AF16}.Debug|Any CPU.Build.0 = Debug|Any CPU
		{5E23B9AA-EE4C-4BFB-BF57-E03B48E1AF16}.Release|Any CPU.ActiveCfg = Release|Any CPU
		{5E23B9AA-EE4C-4BFB-BF57-E03B48E1AF16}.Release|Any CPU.Build.0 = Release|Any CPU
		{823592B1-F422-4974-A1DB-23F12A7C7288}.Debug|Any CPU.ActiveCfg = Debug|Any CPU
		{823592B1-F422-4974-A1DB-23F12A7C7288}.Debug|Any CPU.Build.0 = Debug|Any CPU
		{823592B1-F422-4974-A1DB-23F12A7C7288}.Release|Any CPU.ActiveCfg = Release|Any CPU
		{823592B1-F422-4974-A1DB-23F12A7C7288}.Release|Any CPU.Build.0 = Release|Any CPU
		{1255643B-835E-49C3-AB95-38E3E29E4F7C}.Debug|Any CPU.ActiveCfg = Debug|Any CPU
		{1255643B-835E-49C3-AB95-38E3E29E4F7C}.Release|Any CPU.ActiveCfg = Release|Any CPU
		{1255643B-835E-49C3-AB95-38E3E29E4F7C}.Release|Any CPU.Build.0 = Release|Any CPU
		{2DB06FB4-8A6E-4A89-B6E9-0C7AD5A4190B}.Debug|Any CPU.ActiveCfg = Debug|Any CPU
		{2DB06FB4-8A6E-4A89-B6E9-0C7AD5A4190B}.Release|Any CPU.ActiveCfg = Release|Any CPU
		{2DB06FB4-8A6E-4A89-B6E9-0C7AD5A4190B}.Release|Any CPU.Build.0 = Release|Any CPU
		{37072013-D8EB-4BFA-A911-4FB156334955}.Debug|Any CPU.ActiveCfg = Debug|Any CPU
		{37072013-D8EB-4BFA-A911-4FB156334955}.Debug|Any CPU.Build.0 = Debug|Any CPU
		{37072013-D8EB-4BFA-A911-4FB156334955}.Release|Any CPU.ActiveCfg = Release|Any CPU
		{37072013-D8EB-4BFA-A911-4FB156334955}.Release|Any CPU.Build.0 = Release|Any CPU
		{7D4ED5F3-6DE5-4A5A-B292-22352C20D806}.Debug|Any CPU.ActiveCfg = Debug|Any CPU
		{7D4ED5F3-6DE5-4A5A-B292-22352C20D806}.Release|Any CPU.ActiveCfg = Release|Any CPU
		{7D4ED5F3-6DE5-4A5A-B292-22352C20D806}.Release|Any CPU.Build.0 = Release|Any CPU
		{5966E1CF-4AD3-4C70-87AC-56890DAC1DDE}.Debug|Any CPU.ActiveCfg = Debug|Any CPU
		{5966E1CF-4AD3-4C70-87AC-56890DAC1DDE}.Debug|Any CPU.Build.0 = Debug|Any CPU
		{5966E1CF-4AD3-4C70-87AC-56890DAC1DDE}.Release|Any CPU.ActiveCfg = Release|Any CPU
		{5966E1CF-4AD3-4C70-87AC-56890DAC1DDE}.Release|Any CPU.Build.0 = Release|Any CPU
		{B91A1BD9-8357-49AF-B0FC-878DAA0F87FA}.Debug|Any CPU.ActiveCfg = Debug|Any CPU
		{B91A1BD9-8357-49AF-B0FC-878DAA0F87FA}.Debug|Any CPU.Build.0 = Debug|Any CPU
		{B91A1BD9-8357-49AF-B0FC-878DAA0F87FA}.Release|Any CPU.ActiveCfg = Release|Any CPU
		{B91A1BD9-8357-49AF-B0FC-878DAA0F87FA}.Release|Any CPU.Build.0 = Release|Any CPU
		{2BCF83D6-D405-4F84-BBD5-D9E763C4E8BE}.Debug|Any CPU.ActiveCfg = Debug|Any CPU
		{2BCF83D6-D405-4F84-BBD5-D9E763C4E8BE}.Debug|Any CPU.Build.0 = Debug|Any CPU
		{2BCF83D6-D405-4F84-BBD5-D9E763C4E8BE}.Release|Any CPU.ActiveCfg = Release|Any CPU
		{2BCF83D6-D405-4F84-BBD5-D9E763C4E8BE}.Release|Any CPU.Build.0 = Release|Any CPU
		{5AECAD26-C1D7-4D28-BA8D-4E1FE36C8910}.Debug|Any CPU.ActiveCfg = Debug|Any CPU
		{5AECAD26-C1D7-4D28-BA8D-4E1FE36C8910}.Debug|Any CPU.Build.0 = Debug|Any CPU
		{5AECAD26-C1D7-4D28-BA8D-4E1FE36C8910}.Release|Any CPU.ActiveCfg = Release|Any CPU
		{5AECAD26-C1D7-4D28-BA8D-4E1FE36C8910}.Release|Any CPU.Build.0 = Release|Any CPU
		{26B6DC1B-1A92-4617-A63B-4871383E114A}.Debug|Any CPU.ActiveCfg = Debug|Any CPU
		{26B6DC1B-1A92-4617-A63B-4871383E114A}.Debug|Any CPU.Build.0 = Debug|Any CPU
		{26B6DC1B-1A92-4617-A63B-4871383E114A}.Release|Any CPU.ActiveCfg = Release|Any CPU
		{26B6DC1B-1A92-4617-A63B-4871383E114A}.Release|Any CPU.Build.0 = Release|Any CPU
		{C2D9E6E9-333A-41B6-B56D-FD73AAF40C2A}.Debug|Any CPU.ActiveCfg = Debug|Any CPU
		{C2D9E6E9-333A-41B6-B56D-FD73AAF40C2A}.Debug|Any CPU.Build.0 = Debug|Any CPU
		{C2D9E6E9-333A-41B6-B56D-FD73AAF40C2A}.Release|Any CPU.ActiveCfg = Release|Any CPU
		{C2D9E6E9-333A-41B6-B56D-FD73AAF40C2A}.Release|Any CPU.Build.0 = Release|Any CPU
		{57053BD5-EB5D-4A20-894F-E9756DF013F8}.Debug|Any CPU.ActiveCfg = Debug|Any CPU
		{57053BD5-EB5D-4A20-894F-E9756DF013F8}.Debug|Any CPU.Build.0 = Debug|Any CPU
		{57053BD5-EB5D-4A20-894F-E9756DF013F8}.Release|Any CPU.ActiveCfg = Release|Any CPU
		{57053BD5-EB5D-4A20-894F-E9756DF013F8}.Release|Any CPU.Build.0 = Release|Any CPU
		{F5CC3461-3B97-427A-9E4F-1FA27E1A65A7}.Debug|Any CPU.ActiveCfg = Debug|Any CPU
		{F5CC3461-3B97-427A-9E4F-1FA27E1A65A7}.Debug|Any CPU.Build.0 = Debug|Any CPU
		{F5CC3461-3B97-427A-9E4F-1FA27E1A65A7}.Release|Any CPU.ActiveCfg = Release|Any CPU
		{F5CC3461-3B97-427A-9E4F-1FA27E1A65A7}.Release|Any CPU.Build.0 = Release|Any CPU
		{A163709A-395E-4472-8CEF-D8F42B1DE1E3}.Debug|Any CPU.ActiveCfg = Debug|Any CPU
		{A163709A-395E-4472-8CEF-D8F42B1DE1E3}.Debug|Any CPU.Build.0 = Debug|Any CPU
		{A163709A-395E-4472-8CEF-D8F42B1DE1E3}.Release|Any CPU.ActiveCfg = Release|Any CPU
		{A163709A-395E-4472-8CEF-D8F42B1DE1E3}.Release|Any CPU.Build.0 = Release|Any CPU
		{93DE594B-EA19-40A8-B0C1-2E349ABE740A}.Debug|Any CPU.ActiveCfg = Debug|Any CPU
		{93DE594B-EA19-40A8-B0C1-2E349ABE740A}.Debug|Any CPU.Build.0 = Debug|Any CPU
		{93DE594B-EA19-40A8-B0C1-2E349ABE740A}.Release|Any CPU.ActiveCfg = Release|Any CPU
		{93DE594B-EA19-40A8-B0C1-2E349ABE740A}.Release|Any CPU.Build.0 = Release|Any CPU
		{0F2AD254-A75F-4230-AF3C-10136192C913}.Debug|Any CPU.ActiveCfg = Debug|Any CPU
		{0F2AD254-A75F-4230-AF3C-10136192C913}.Debug|Any CPU.Build.0 = Debug|Any CPU
		{0F2AD254-A75F-4230-AF3C-10136192C913}.Release|Any CPU.ActiveCfg = Release|Any CPU
		{0F2AD254-A75F-4230-AF3C-10136192C913}.Release|Any CPU.Build.0 = Release|Any CPU
		{1A61CE76-6EF7-41CB-984E-6EEBC4ECBBA3}.Debug|Any CPU.ActiveCfg = Debug|Any CPU
		{1A61CE76-6EF7-41CB-984E-6EEBC4ECBBA3}.Debug|Any CPU.Build.0 = Debug|Any CPU
		{1A61CE76-6EF7-41CB-984E-6EEBC4ECBBA3}.Release|Any CPU.ActiveCfg = Release|Any CPU
		{1A61CE76-6EF7-41CB-984E-6EEBC4ECBBA3}.Release|Any CPU.Build.0 = Release|Any CPU
		{03714C54-DA0C-4FCD-B466-E2890A8F6E67}.Debug|Any CPU.ActiveCfg = Debug|Any CPU
		{03714C54-DA0C-4FCD-B466-E2890A8F6E67}.Debug|Any CPU.Build.0 = Debug|Any CPU
		{03714C54-DA0C-4FCD-B466-E2890A8F6E67}.Release|Any CPU.ActiveCfg = Release|Any CPU
		{03714C54-DA0C-4FCD-B466-E2890A8F6E67}.Release|Any CPU.Build.0 = Release|Any CPU
		{A8F9D5EC-FAEB-4CA5-BFCE-2411EBE2F9C1}.Debug|Any CPU.ActiveCfg = Debug|Any CPU
		{A8F9D5EC-FAEB-4CA5-BFCE-2411EBE2F9C1}.Debug|Any CPU.Build.0 = Debug|Any CPU
		{A8F9D5EC-FAEB-4CA5-BFCE-2411EBE2F9C1}.Release|Any CPU.ActiveCfg = Release|Any CPU
		{A8F9D5EC-FAEB-4CA5-BFCE-2411EBE2F9C1}.Release|Any CPU.Build.0 = Release|Any CPU
		{100CB147-9E1B-4548-B5B5-A09DAB22601A}.Debug|Any CPU.ActiveCfg = Debug|Any CPU
		{100CB147-9E1B-4548-B5B5-A09DAB22601A}.Debug|Any CPU.Build.0 = Debug|Any CPU
		{100CB147-9E1B-4548-B5B5-A09DAB22601A}.Release|Any CPU.ActiveCfg = Release|Any CPU
		{100CB147-9E1B-4548-B5B5-A09DAB22601A}.Release|Any CPU.Build.0 = Release|Any CPU
		{B87DEA22-52A1-43C5-8FE1-518E4CF7D3F0}.Debug|Any CPU.ActiveCfg = Debug|Any CPU
		{B87DEA22-52A1-43C5-8FE1-518E4CF7D3F0}.Debug|Any CPU.Build.0 = Debug|Any CPU
		{B87DEA22-52A1-43C5-8FE1-518E4CF7D3F0}.Release|Any CPU.ActiveCfg = Release|Any CPU
		{B87DEA22-52A1-43C5-8FE1-518E4CF7D3F0}.Release|Any CPU.Build.0 = Release|Any CPU
	EndGlobalSection
	GlobalSection(SolutionProperties) = preSolution
		HideSolutionNode = FALSE
	EndGlobalSection
	GlobalSection(NestedProjects) = preSolution
		{F0B2E57B-3F93-419F-9D66-B26A3751F8CC} = {6F06BE1D-A504-4245-9945-55133EE6A1B5}
		{359DB7DA-E1A9-47CA-B41B-D5C152C205AD} = {2C9D132A-5C03-423A-A97A-637661096CE0}
		{90253AC9-84F5-4278-A5E6-496B9F58C1FC} = {2C9D132A-5C03-423A-A97A-637661096CE0}
		{D425C194-7CFA-4B13-AD8D-E2EFCCB4FD2B} = {1D61F505-062C-41C5-B7F6-6BE7CCDF4D42}
		{97989B02-4A6D-43AF-9545-F21628190B52} = {1D61F505-062C-41C5-B7F6-6BE7CCDF4D42}
		{C08BFFD6-FF8E-4C7D-8D9B-2C14269826D6} = {54BF8E43-C604-46FC-8642-CEDB6A5D0794}
		{9EF17942-6204-4A80-B0E2-0BE279838CA6} = {54BF8E43-C604-46FC-8642-CEDB6A5D0794}
		{642CF615-0DA6-472E-AE2C-48E699E3DCE7} = {762CF7CA-ED27-4487-B5D9-05D400012E23}
		{28561366-E62A-4A9A-897E-8D85E7A89C6B} = {D425C194-7CFA-4B13-AD8D-E2EFCCB4FD2B}
		{5E23B9AA-EE4C-4BFB-BF57-E03B48E1AF16} = {EACC34C5-A221-4327-8E82-EE91DD0A553E}
		{2C9D132A-5C03-423A-A97A-637661096CE0} = {6F06BE1D-A504-4245-9945-55133EE6A1B5}
		{C5F4EBCD-9361-4180-B5AF-EF6480DC507D} = {6F06BE1D-A504-4245-9945-55133EE6A1B5}
		{823592B1-F422-4974-A1DB-23F12A7C7288} = {C5F4EBCD-9361-4180-B5AF-EF6480DC507D}
		{EACC34C5-A221-4327-8E82-EE91DD0A553E} = {41666BBF-BC0E-4291-89D8-56CDB28F5BFC}
		{3CFA9911-14CE-4706-B268-09E1FBA3130D} = {41666BBF-BC0E-4291-89D8-56CDB28F5BFC}
		{1255643B-835E-49C3-AB95-38E3E29E4F7C} = {3CFA9911-14CE-4706-B268-09E1FBA3130D}
		{2DB06FB4-8A6E-4A89-B6E9-0C7AD5A4190B} = {3CFA9911-14CE-4706-B268-09E1FBA3130D}
		{37072013-D8EB-4BFA-A911-4FB156334955} = {EACC34C5-A221-4327-8E82-EE91DD0A553E}
		{4A5AC377-8F70-4A59-8BE5-DDE3DEFF4007} = {1D61F505-062C-41C5-B7F6-6BE7CCDF4D42}
		{7D4ED5F3-6DE5-4A5A-B292-22352C20D806} = {3CFA9911-14CE-4706-B268-09E1FBA3130D}
		{5966E1CF-4AD3-4C70-87AC-56890DAC1DDE} = {EACC34C5-A221-4327-8E82-EE91DD0A553E}
		{B91A1BD9-8357-49AF-B0FC-878DAA0F87FA} = {6F06BE1D-A504-4245-9945-55133EE6A1B5}
		{2BCF83D6-D405-4F84-BBD5-D9E763C4E8BE} = {D425C194-7CFA-4B13-AD8D-E2EFCCB4FD2B}
		{5AECAD26-C1D7-4D28-BA8D-4E1FE36C8910} = {762CF7CA-ED27-4487-B5D9-05D400012E23}
		{087FB25B-D0E9-4A54-AFA9-31149A23C7F4} = {1D61F505-062C-41C5-B7F6-6BE7CCDF4D42}
		{526D6318-E54D-463E-B699-88113F9E9BD1} = {087FB25B-D0E9-4A54-AFA9-31149A23C7F4}
		{26B6DC1B-1A92-4617-A63B-4871383E114A} = {526D6318-E54D-463E-B699-88113F9E9BD1}
		{C2D9E6E9-333A-41B6-B56D-FD73AAF40C2A} = {97989B02-4A6D-43AF-9545-F21628190B52}
		{57053BD5-EB5D-4A20-894F-E9756DF013F8} = {526D6318-E54D-463E-B699-88113F9E9BD1}
		{F5CC3461-3B97-427A-9E4F-1FA27E1A65A7} = {4A5AC377-8F70-4A59-8BE5-DDE3DEFF4007}
		{A163709A-395E-4472-8CEF-D8F42B1DE1E3} = {4A5AC377-8F70-4A59-8BE5-DDE3DEFF4007}
		{93DE594B-EA19-40A8-B0C1-2E349ABE740A} = {D425C194-7CFA-4B13-AD8D-E2EFCCB4FD2B}
		{0F2AD254-A75F-4230-AF3C-10136192C913} = {D425C194-7CFA-4B13-AD8D-E2EFCCB4FD2B}
		{1A61CE76-6EF7-41CB-984E-6EEBC4ECBBA3} = {97989B02-4A6D-43AF-9545-F21628190B52}
		{03714C54-DA0C-4FCD-B466-E2890A8F6E67} = {97989B02-4A6D-43AF-9545-F21628190B52}
		{A8F9D5EC-FAEB-4CA5-BFCE-2411EBE2F9C1} = {087FB25B-D0E9-4A54-AFA9-31149A23C7F4}
		{252B636F-97DB-4089-A507-E7F6600831DB} = {087FB25B-D0E9-4A54-AFA9-31149A23C7F4}
		{100CB147-9E1B-4548-B5B5-A09DAB22601A} = {252B636F-97DB-4089-A507-E7F6600831DB}
		{B87DEA22-52A1-43C5-8FE1-518E4CF7D3F0} = {087FB25B-D0E9-4A54-AFA9-31149A23C7F4}
	EndGlobalSection
	GlobalSection(ExtensibilityGlobals) = postSolution
		SolutionGuid = {76917B93-1E72-407C-98A2-E8C45E4EF39C}
		EnterpriseLibraryConfigurationToolBinariesPathV6 = packages\EnterpriseLibrary.Common.6.0.1304.0\lib\NET45;packages\EnterpriseLibrary.TransientFaultHandling.6.0.1304.0\lib\portable-net45+win+wp8;packages\EnterpriseLibrary.TransientFaultHandling.Caching.6.0.1304.0\lib\NET45;packages\EnterpriseLibrary.TransientFaultHandling.Data.6.0.1304.1\lib\NET45;packages\EnterpriseLibrary.TransientFaultHandling.ServiceBus.6.0.1304.0\lib\NET45;packages\EnterpriseLibrary.TransientFaultHandling.WindowsAzure.Storage.6.0.1304.0\lib\NET45;packages\EnterpriseLibrary.TransientFaultHandling.Configuration.6.0.1304.0\lib\NET45
	EndGlobalSection
EndGlobal
